{
  "name": "ajs_platforms_clone",
  "version": "1.0.0",
  "lockfileVersion": 1,
  "requires": true,
  "dependencies": {
    "@suyunbaev/ajs_platforms": {
      "version": "1.0.0",
      "resolved": "https://npm.pkg.github.com/download/@suyunbaev/ajs_platforms/1.0.0/c7bdb94fbff16872f127f6e53e48f4cb7cb9fc8914143fa7a0dd7c022d4b7616",
      "integrity": "sha512-xbgoeuliUxem77znG7dap6u1NmDn34Vds+N/U4orXkOrqZ2YFWeQNT0Lfls7hjne2UGgoikyJbRhGdvipmjMAA=="
    }
  }
}
